// !$*UTF8*$!
{
	archiveVersion = 1;
	classes = {
	};
	objectVersion = 56;
	objects = {

/* Begin PBXBuildFile section */
		C66094FE2A1F727B00A21E47 /* Kingfisher in Frameworks */ = {isa = PBXBuildFile; productRef = C66094FD2A1F727B00A21E47 /* Kingfisher */; };
		C66095012A1F760700A21E47 /* PetTableViewCell.swift in Sources */ = {isa = PBXBuildFile; fileRef = C66095002A1F760700A21E47 /* PetTableViewCell.swift */; };
		C69D3ACD2A1E9EB7001C2825 /* AppDelegate.swift in Sources */ = {isa = PBXBuildFile; fileRef = C69D3ACC2A1E9EB7001C2825 /* AppDelegate.swift */; };
		C69D3ACF2A1E9EB7001C2825 /* SceneDelegate.swift in Sources */ = {isa = PBXBuildFile; fileRef = C69D3ACE2A1E9EB7001C2825 /* SceneDelegate.swift */; };
		C69D3AD42A1E9EB7001C2825 /* Main.storyboard in Resources */ = {isa = PBXBuildFile; fileRef = C69D3AD22A1E9EB7001C2825 /* Main.storyboard */; };
		C69D3AD62A1E9EB8001C2825 /* Assets.xcassets in Resources */ = {isa = PBXBuildFile; fileRef = C69D3AD52A1E9EB8001C2825 /* Assets.xcassets */; };
		C69D3AD92A1E9EB8001C2825 /* LaunchScreen.storyboard in Resources */ = {isa = PBXBuildFile; fileRef = C69D3AD72A1E9EB8001C2825 /* LaunchScreen.storyboard */; };
		C69D3AE82A1EA169001C2825 /* Realm in Frameworks */ = {isa = PBXBuildFile; productRef = C69D3AE72A1EA169001C2825 /* Realm */; };
		C69D3AEA2A1EA169001C2825 /* RealmSwift in Frameworks */ = {isa = PBXBuildFile; productRef = C69D3AE92A1EA169001C2825 /* RealmSwift */; };
		C69D3AEC2A1EA348001C2825 /* Animal.swift in Sources */ = {isa = PBXBuildFile; fileRef = C69D3AEB2A1EA348001C2825 /* Animal.swift */; };
		C69D3AEE2A1EAF39001C2825 /* AnimalsViewController.swift in Sources */ = {isa = PBXBuildFile; fileRef = C69D3AED2A1EAF39001C2825 /* AnimalsViewController.swift */; };
		C69D3AF02A1EAF59001C2825 /* DetailAnimalViewController.swift in Sources */ = {isa = PBXBuildFile; fileRef = C69D3AEF2A1EAF59001C2825 /* DetailAnimalViewController.swift */; };
		C69D3AF22A1EB3EC001C2825 /* NewAnimalViewController.swift in Sources */ = {isa = PBXBuildFile; fileRef = C69D3AF12A1EB3EC001C2825 /* NewAnimalViewController.swift */; };
/* End PBXBuildFile section */

/* Begin PBXFileReference section */
		C66095002A1F760700A21E47 /* PetTableViewCell.swift */ = {isa = PBXFileReference; lastKnownFileType = sourcecode.swift; path = PetTableViewCell.swift; sourceTree = "<group>"; };
		C69D3AC92A1E9EB7001C2825 /* Pets.app */ = {isa = PBXFileReference; explicitFileType = wrapper.application; includeInIndex = 0; path = Pets.app; sourceTree = BUILT_PRODUCTS_DIR; };
		C69D3ACC2A1E9EB7001C2825 /* AppDelegate.swift */ = {isa = PBXFileReference; lastKnownFileType = sourcecode.swift; path = AppDelegate.swift; sourceTree = "<group>"; };
		C69D3ACE2A1E9EB7001C2825 /* SceneDelegate.swift */ = {isa = PBXFileReference; lastKnownFileType = sourcecode.swift; path = SceneDelegate.swift; sourceTree = "<group>"; };
		C69D3AD32A1E9EB7001C2825 /* Base */ = {isa = PBXFileReference; lastKnownFileType = file.storyboard; name = Base; path = Base.lproj/Main.storyboard; sourceTree = "<group>"; };
		C69D3AD52A1E9EB8001C2825 /* Assets.xcassets */ = {isa = PBXFileReference; lastKnownFileType = folder.assetcatalog; path = Assets.xcassets; sourceTree = "<group>"; };
		C69D3AD82A1E9EB8001C2825 /* Base */ = {isa = PBXFileReference; lastKnownFileType = file.storyboard; name = Base; path = Base.lproj/LaunchScreen.storyboard; sourceTree = "<group>"; };
		C69D3ADA2A1E9EB8001C2825 /* Info.plist */ = {isa = PBXFileReference; lastKnownFileType = text.plist.xml; path = Info.plist; sourceTree = "<group>"; };
		C69D3AEB2A1EA348001C2825 /* Animal.swift */ = {isa = PBXFileReference; lastKnownFileType = sourcecode.swift; path = Animal.swift; sourceTree = "<group>"; };
		C69D3AED2A1EAF39001C2825 /* AnimalsViewController.swift */ = {isa = PBXFileReference; lastKnownFileType = sourcecode.swift; path = AnimalsViewController.swift; sourceTree = "<group>"; };
		C69D3AEF2A1EAF59001C2825 /* DetailAnimalViewController.swift */ = {isa = PBXFileReference; lastKnownFileType = sourcecode.swift; path = DetailAnimalViewController.swift; sourceTree = "<group>"; };
		C69D3AF12A1EB3EC001C2825 /* NewAnimalViewController.swift */ = {isa = PBXFileReference; lastKnownFileType = sourcecode.swift; path = NewAnimalViewController.swift; sourceTree = "<group>"; };
/* End PBXFileReference section */

/* Begin PBXFrameworksBuildPhase section */
		C69D3AC62A1E9EB7001C2825 /* Frameworks */ = {
			isa = PBXFrameworksBuildPhase;
			buildActionMask = 2147483647;
			files = (
				C66094FE2A1F727B00A21E47 /* Kingfisher in Frameworks */,
				C69D3AEA2A1EA169001C2825 /* RealmSwift in Frameworks */,
				C69D3AE82A1EA169001C2825 /* Realm in Frameworks */,
			);
			runOnlyForDeploymentPostprocessing = 0;
		};
/* End PBXFrameworksBuildPhase section */

/* Begin PBXGroup section */
		C66094FF2A1F75EE00A21E47 /* Views */ = {
			isa = PBXGroup;
			children = (
				C66095002A1F760700A21E47 /* PetTableViewCell.swift */,
			);
			path = Views;
			sourceTree = "<group>";
		};
		C69D3AC02A1E9EB7001C2825 = {
			isa = PBXGroup;
			children = (
				C69D3ACB2A1E9EB7001C2825 /* Pets */,
				C69D3ACA2A1E9EB7001C2825 /* Products */,
			);
			sourceTree = "<group>";
		};
		C69D3ACA2A1E9EB7001C2825 /* Products */ = {
			isa = PBXGroup;
			children = (
				C69D3AC92A1E9EB7001C2825 /* Pets.app */,
			);
			name = Products;
			sourceTree = "<group>";
		};
		C69D3ACB2A1E9EB7001C2825 /* Pets */ = {
			isa = PBXGroup;
			children = (
				C66094FF2A1F75EE00A21E47 /* Views */,
				C69D3AE42A1E9F87001C2825 /* Models */,
				C69D3AE32A1E9F80001C2825 /* ViewControllers */,
				C69D3AE22A1E9F79001C2825 /* Storyboards */,
				C69D3AE52A1E9F90001C2825 /* Services */,
				C69D3AE02A1E9F65001C2825 /* App */,
				C69D3AE12A1E9F6D001C2825 /* Sources */,
			);
			path = Pets;
			sourceTree = "<group>";
		};
		C69D3AE02A1E9F65001C2825 /* App */ = {
			isa = PBXGroup;
			children = (
				C69D3ACC2A1E9EB7001C2825 /* AppDelegate.swift */,
				C69D3ACE2A1E9EB7001C2825 /* SceneDelegate.swift */,
				C69D3ADA2A1E9EB8001C2825 /* Info.plist */,
			);
			path = App;
			sourceTree = "<group>";
		};
		C69D3AE12A1E9F6D001C2825 /* Sources */ = {
			isa = PBXGroup;
			children = (
				C69D3AD52A1E9EB8001C2825 /* Assets.xcassets */,
			);
			path = Sources;
			sourceTree = "<group>";
		};
		C69D3AE22A1E9F79001C2825 /* Storyboards */ = {
			isa = PBXGroup;
			children = (
				C69D3AD22A1E9EB7001C2825 /* Main.storyboard */,
				C69D3AD72A1E9EB8001C2825 /* LaunchScreen.storyboard */,
			);
			path = Storyboards;
			sourceTree = "<group>";
		};
		C69D3AE32A1E9F80001C2825 /* ViewControllers */ = {
			isa = PBXGroup;
			children = (
				C69D3AED2A1EAF39001C2825 /* AnimalsViewController.swift */,
				C69D3AEF2A1EAF59001C2825 /* DetailAnimalViewController.swift */,
				C69D3AF12A1EB3EC001C2825 /* NewAnimalViewController.swift */,
			);
			path = ViewControllers;
			sourceTree = "<group>";
		};
		C69D3AE42A1E9F87001C2825 /* Models */ = {
			isa = PBXGroup;
			children = (
				C69D3AEB2A1EA348001C2825 /* Animal.swift */,
			);
			path = Models;
			sourceTree = "<group>";
		};
		C69D3AE52A1E9F90001C2825 /* Services */ = {
			isa = PBXGroup;
			children = (
			);
			path = Services;
			sourceTree = "<group>";
		};
/* End PBXGroup section */

/* Begin PBXNativeTarget section */
		C69D3AC82A1E9EB7001C2825 /* Pets */ = {
			isa = PBXNativeTarget;
			buildConfigurationList = C69D3ADD2A1E9EB8001C2825 /* Build configuration list for PBXNativeTarget "Pets" */;
			buildPhases = (
				C69D3AC52A1E9EB7001C2825 /* Sources */,
				C69D3AC62A1E9EB7001C2825 /* Frameworks */,
				C69D3AC72A1E9EB7001C2825 /* Resources */,
			);
			buildRules = (
			);
			dependencies = (
			);
			name = Pets;
			packageProductDependencies = (
				C69D3AE72A1EA169001C2825 /* Realm */,
				C69D3AE92A1EA169001C2825 /* RealmSwift */,
				C66094FD2A1F727B00A21E47 /* Kingfisher */,
			);
			productName = Pets;
			productReference = C69D3AC92A1E9EB7001C2825 /* Pets.app */;
			productType = "com.apple.product-type.application";
		};
/* End PBXNativeTarget section */

/* Begin PBXProject section */
		C69D3AC12A1E9EB7001C2825 /* Project object */ = {
			isa = PBXProject;
			attributes = {
				BuildIndependentTargetsInParallel = 1;
				LastSwiftUpdateCheck = 1430;
				LastUpgradeCheck = 1430;
				TargetAttributes = {
					C69D3AC82A1E9EB7001C2825 = {
						CreatedOnToolsVersion = 14.3;
					};
				};
			};
			buildConfigurationList = C69D3AC42A1E9EB7001C2825 /* Build configuration list for PBXProject "Pets" */;
			compatibilityVersion = "Xcode 14.0";
			developmentRegion = en;
			hasScannedForEncodings = 0;
			knownRegions = (
				en,
				Base,
			);
			mainGroup = C69D3AC02A1E9EB7001C2825;
			packageReferences = (
				C69D3AE62A1EA169001C2825 /* XCRemoteSwiftPackageReference "realm-swift" */,
				C66094FC2A1F727B00A21E47 /* XCRemoteSwiftPackageReference "Kingfisher" */,
			);
			productRefGroup = C69D3ACA2A1E9EB7001C2825 /* Products */;
			projectDirPath = "";
			projectRoot = "";
			targets = (
				C69D3AC82A1E9EB7001C2825 /* Pets */,
			);
		};
/* End PBXProject section */

/* Begin PBXResourcesBuildPhase section */
		C69D3AC72A1E9EB7001C2825 /* Resources */ = {
			isa = PBXResourcesBuildPhase;
			buildActionMask = 2147483647;
			files = (
				C69D3AD92A1E9EB8001C2825 /* LaunchScreen.storyboard in Resources */,
				C69D3AD62A1E9EB8001C2825 /* Assets.xcassets in Resources */,
				C69D3AD42A1E9EB7001C2825 /* Main.storyboard in Resources */,
			);
			runOnlyForDeploymentPostprocessing = 0;
		};
/* End PBXResourcesBuildPhase section */

/* Begin PBXSourcesBuildPhase section */
		C69D3AC52A1E9EB7001C2825 /* Sources */ = {
			isa = PBXSourcesBuildPhase;
			buildActionMask = 2147483647;
			files = (
				C69D3AF02A1EAF59001C2825 /* DetailAnimalViewController.swift in Sources */,
				C69D3AEE2A1EAF39001C2825 /* AnimalsViewController.swift in Sources */,
				C69D3AEC2A1EA348001C2825 /* Animal.swift in Sources */,
				C69D3AF22A1EB3EC001C2825 /* NewAnimalViewController.swift in Sources */,
				C69D3ACD2A1E9EB7001C2825 /* AppDelegate.swift in Sources */,
				C66095012A1F760700A21E47 /* PetTableViewCell.swift in Sources */,
				C69D3ACF2A1E9EB7001C2825 /* SceneDelegate.swift in Sources */,
			);
			runOnlyForDeploymentPostprocessing = 0;
		};
/* End PBXSourcesBuildPhase section */

/* Begin PBXVariantGroup section */
		C69D3AD22A1E9EB7001C2825 /* Main.storyboard */ = {
			isa = PBXVariantGroup;
			children = (
				C69D3AD32A1E9EB7001C2825 /* Base */,
			);
			name = Main.storyboard;
			sourceTree = "<group>";
		};
		C69D3AD72A1E9EB8001C2825 /* LaunchScreen.storyboard */ = {
			isa = PBXVariantGroup;
			children = (
				C69D3AD82A1E9EB8001C2825 /* Base */,
			);
			name = LaunchScreen.storyboard;
			sourceTree = "<group>";
		};
/* End PBXVariantGroup section */

/* Begin XCBuildConfiguration section */
		C69D3ADB2A1E9EB8001C2825 /* Debug */ = {
			isa = XCBuildConfiguration;
			buildSettings = {
				ALWAYS_SEARCH_USER_PATHS = NO;
				CLANG_ANALYZER_NONNULL = YES;
				CLANG_ANALYZER_NUMBER_OBJECT_CONVERSION = YES_AGGRESSIVE;
				CLANG_CXX_LANGUAGE_STANDARD = "gnu++20";
				CLANG_ENABLE_MODULES = YES;
				CLANG_ENABLE_OBJC_ARC = YES;
				CLANG_ENABLE_OBJC_WEAK = YES;
				CLANG_WARN_BLOCK_CAPTURE_AUTORELEASING = YES;
				CLANG_WARN_BOOL_CONVERSION = YES;
				CLANG_WARN_COMMA = YES;
				CLANG_WARN_CONSTANT_CONVERSION = YES;
				CLANG_WARN_DEPRECATED_OBJC_IMPLEMENTATIONS = YES;
				CLANG_WARN_DIRECT_OBJC_ISA_USAGE = YES_ERROR;
				CLANG_WARN_DOCUMENTATION_COMMENTS = YES;
				CLANG_WARN_EMPTY_BODY = YES;
				CLANG_WARN_ENUM_CONVERSION = YES;
				CLANG_WARN_INFINITE_RECURSION = YES;
				CLANG_WARN_INT_CONVERSION = YES;
				CLANG_WARN_NON_LITERAL_NULL_CONVERSION = YES;
				CLANG_WARN_OBJC_IMPLICIT_RETAIN_SELF = YES;
				CLANG_WARN_OBJC_LITERAL_CONVERSION = YES;
				CLANG_WARN_OBJC_ROOT_CLASS = YES_ERROR;
				CLANG_WARN_QUOTED_INCLUDE_IN_FRAMEWORK_HEADER = YES;
				CLANG_WARN_RANGE_LOOP_ANALYSIS = YES;
				CLANG_WARN_STRICT_PROTOTYPES = YES;
				CLANG_WARN_SUSPICIOUS_MOVE = YES;
				CLANG_WARN_UNGUARDED_AVAILABILITY = YES_AGGRESSIVE;
				CLANG_WARN_UNREACHABLE_CODE = YES;
				CLANG_WARN__DUPLICATE_METHOD_MATCH = YES;
				COPY_PHASE_STRIP = NO;
				DEBUG_INFORMATION_FORMAT = dwarf;
				ENABLE_STRICT_OBJC_MSGSEND = YES;
				ENABLE_TESTABILITY = YES;
				GCC_C_LANGUAGE_STANDARD = gnu11;
				GCC_DYNAMIC_NO_PIC = NO;
				GCC_NO_COMMON_BLOCKS = YES;
				GCC_OPTIMIZATION_LEVEL = 0;
				GCC_PREPROCESSOR_DEFINITIONS = (
					"DEBUG=1",
					"$(inherited)",
				);
				GCC_WARN_64_TO_32_BIT_CONVERSION = YES;
				GCC_WARN_ABOUT_RETURN_TYPE = YES_ERROR;
				GCC_WARN_UNDECLARED_SELECTOR = YES;
				GCC_WARN_UNINITIALIZED_AUTOS = YES_AGGRESSIVE;
				GCC_WARN_UNUSED_FUNCTION = YES;
				GCC_WARN_UNUSED_VARIABLE = YES;
				IPHONEOS_DEPLOYMENT_TARGET = 16.4;
				MTL_ENABLE_DEBUG_INFO = INCLUDE_SOURCE;
				MTL_FAST_MATH = YES;
				ONLY_ACTIVE_ARCH = YES;
				SDKROOT = iphoneos;
				SWIFT_ACTIVE_COMPILATION_CONDITIONS = DEBUG;
				SWIFT_OPTIMIZATION_LEVEL = "-Onone";
			};
			name = Debug;
		};
		C69D3ADC2A1E9EB8001C2825 /* Release */ = {
			isa = XCBuildConfiguration;
			buildSettings = {
				ALWAYS_SEARCH_USER_PATHS = NO;
				CLANG_ANALYZER_NONNULL = YES;
				CLANG_ANALYZER_NUMBER_OBJECT_CONVERSION = YES_AGGRESSIVE;
				CLANG_CXX_LANGUAGE_STANDARD = "gnu++20";
				CLANG_ENABLE_MODULES = YES;
				CLANG_ENABLE_OBJC_ARC = YES;
				CLANG_ENABLE_OBJC_WEAK = YES;
				CLANG_WARN_BLOCK_CAPTURE_AUTORELEASING = YES;
				CLANG_WARN_BOOL_CONVERSION = YES;
				CLANG_WARN_COMMA = YES;
				CLANG_WARN_CONSTANT_CONVERSION = YES;
				CLANG_WARN_DEPRECATED_OBJC_IMPLEMENTATIONS = YES;
				CLANG_WARN_DIRECT_OBJC_ISA_USAGE = YES_ERROR;
				CLANG_WARN_DOCUMENTATION_COMMENTS = YES;
				CLANG_WARN_EMPTY_BODY = YES;
				CLANG_WARN_ENUM_CONVERSION = YES;
				CLANG_WARN_INFINITE_RECURSION = YES;
				CLANG_WARN_INT_CONVERSION = YES;
				CLANG_WARN_NON_LITERAL_NULL_CONVERSION = YES;
				CLANG_WARN_OBJC_IMPLICIT_RETAIN_SELF = YES;
				CLANG_WARN_OBJC_LITERAL_CONVERSION = YES;
				CLANG_WARN_OBJC_ROOT_CLASS = YES_ERROR;
				CLANG_WARN_QUOTED_INCLUDE_IN_FRAMEWORK_HEADER = YES;
				CLANG_WARN_RANGE_LOOP_ANALYSIS = YES;
				CLANG_WARN_STRICT_PROTOTYPES = YES;
				CLANG_WARN_SUSPICIOUS_MOVE = YES;
				CLANG_WARN_UNGUARDED_AVAILABILITY = YES_AGGRESSIVE;
				CLANG_WARN_UNREACHABLE_CODE = YES;
				CLANG_WARN__DUPLICATE_METHOD_MATCH = YES;
				COPY_PHASE_STRIP = NO;
				DEBUG_INFORMATION_FORMAT = "dwarf-with-dsym";
				ENABLE_NS_ASSERTIONS = NO;
				ENABLE_STRICT_OBJC_MSGSEND = YES;
				GCC_C_LANGUAGE_STANDARD = gnu11;
				GCC_NO_COMMON_BLOCKS = YES;
				GCC_WARN_64_TO_32_BIT_CONVERSION = YES;
				GCC_WARN_ABOUT_RETURN_TYPE = YES_ERROR;
				GCC_WARN_UNDECLARED_SELECTOR = YES;
				GCC_WARN_UNINITIALIZED_AUTOS = YES_AGGRESSIVE;
				GCC_WARN_UNUSED_FUNCTION = YES;
				GCC_WARN_UNUSED_VARIABLE = YES;
				IPHONEOS_DEPLOYMENT_TARGET = 16.4;
				MTL_ENABLE_DEBUG_INFO = NO;
				MTL_FAST_MATH = YES;
				SDKROOT = iphoneos;
				SWIFT_COMPILATION_MODE = wholemodule;
				SWIFT_OPTIMIZATION_LEVEL = "-O";
				VALIDATE_PRODUCT = YES;
			};
			name = Release;
		};
		C69D3ADE2A1E9EB8001C2825 /* Debug */ = {
			isa = XCBuildConfiguration;
			buildSettings = {
				ASSETCATALOG_COMPILER_APPICON_NAME = AppIcon;
				ASSETCATALOG_COMPILER_GLOBAL_ACCENT_COLOR_NAME = AccentColor;
				CODE_SIGN_STYLE = Automatic;
				CURRENT_PROJECT_VERSION = 1;
				DEVELOPMENT_TEAM = W83LB3ZRMV;
				GENERATE_INFOPLIST_FILE = YES;
				INFOPLIST_FILE = Pets/App/Info.plist;
				INFOPLIST_KEY_UIApplicationSupportsIndirectInputEvents = YES;
				INFOPLIST_KEY_UILaunchStoryboardName = LaunchScreen;
				INFOPLIST_KEY_UIMainStoryboardFile = Main;
				INFOPLIST_KEY_UISupportedInterfaceOrientations = UIInterfaceOrientationPortrait;
				INFOPLIST_KEY_UISupportedInterfaceOrientations_iPad = "UIInterfaceOrientationLandscapeLeft UIInterfaceOrientationLandscapeRight UIInterfaceOrientationPortrait UIInterfaceOrientationPortraitUpsideDown";
				IPHONEOS_DEPLOYMENT_TARGET = 15.0;
				LD_RUNPATH_SEARCH_PATHS = (
					"$(inherited)",
					"@executable_path/Frameworks",
				);
				MARKETING_VERSION = 1.0;
				PRODUCT_BUNDLE_IDENTIFIER = com.lashin.Pets;
				PRODUCT_NAME = "$(TARGET_NAME)";
				SUPPORTED_PLATFORMS = "iphoneos iphonesimulator";
				SUPPORTS_MACCATALYST = NO;
				SUPPORTS_MAC_DESIGNED_FOR_IPHONE_IPAD = NO;
				SWIFT_EMIT_LOC_STRINGS = YES;
				SWIFT_VERSION = 5.0;
				TARGETED_DEVICE_FAMILY = 1;
			};
			name = Debug;
		};
		C69D3ADF2A1E9EB8001C2825 /* Release */ = {
			isa = XCBuildConfiguration;
			buildSettings = {
				ASSETCATALOG_COMPILER_APPICON_NAME = AppIcon;
				ASSETCATALOG_COMPILER_GLOBAL_ACCENT_COLOR_NAME = AccentColor;
				CODE_SIGN_STYLE = Automatic;
				CURRENT_PROJECT_VERSION = 1;
				DEVELOPMENT_TEAM = W83LB3ZRMV;
				GENERATE_INFOPLIST_FILE = YES;
				INFOPLIST_FILE = Pets/App/Info.plist;
				INFOPLIST_KEY_UIApplicationSupportsIndirectInputEvents = YES;
				INFOPLIST_KEY_UILaunchStoryboardName = LaunchScreen;
				INFOPLIST_KEY_UIMainStoryboardFile = Main;
				INFOPLIST_KEY_UISupportedInterfaceOrientations = UIInterfaceOrientationPortrait;
				INFOPLIST_KEY_UISupportedInterfaceOrientations_iPad = "UIInterfaceOrientationLandscapeLeft UIInterfaceOrientationLandscapeRight UIInterfaceOrientationPortrait UIInterfaceOrientationPortraitUpsideDown";
				IPHONEOS_DEPLOYMENT_TARGET = 15.0;
				LD_RUNPATH_SEARCH_PATHS = (
					"$(inherited)",
					"@executable_path/Frameworks",
				);
				MARKETING_VERSION = 1.0;
				PRODUCT_BUNDLE_IDENTIFIER = com.lashin.Pets;
				PRODUCT_NAME = "$(TARGET_NAME)";
				SUPPORTED_PLATFORMS = "iphoneos iphonesimulator";
				SUPPORTS_MACCATALYST = NO;
				SUPPORTS_MAC_DESIGNED_FOR_IPHONE_IPAD = NO;
				SWIFT_EMIT_LOC_STRINGS = YES;
				SWIFT_VERSION = 5.0;
				TARGETED_DEVICE_FAMILY = 1;
			};
			name = Release;
		};
/* End XCBuildConfiguration section */

/* Begin XCConfigurationList section */
		C69D3AC42A1E9EB7001C2825 /* Build configuration list for PBXProject "Pets" */ = {
			isa = XCConfigurationList;
			buildConfigurations = (
				C69D3ADB2A1E9EB8001C2825 /* Debug */,
				C69D3ADC2A1E9EB8001C2825 /* Release */,
			);
			defaultConfigurationIsVisible = 0;
			defaultConfigurationName = Release;
		};
		C69D3ADD2A1E9EB8001C2825 /* Build configuration list for PBXNativeTarget "Pets" */ = {
			isa = XCConfigurationList;
			buildConfigurations = (
				C69D3ADE2A1E9EB8001C2825 /* Debug */,
				C69D3ADF2A1E9EB8001C2825 /* Release */,
			);
			defaultConfigurationIsVisible = 0;
			defaultConfigurationName = Release;
		};
/* End XCConfigurationList section */

/* Begin XCRemoteSwiftPackageReference section */
		C66094FC2A1F727B00A21E47 /* XCRemoteSwiftPackageReference "Kingfisher" */ = {
			isa = XCRemoteSwiftPackageReference;
			repositoryURL = "https://github.com/onevcat/Kingfisher";
			requirement = {
				kind = upToNextMajorVersion;
				minimumVersion = 7.0.0;
			};
		};
		C69D3AE62A1EA169001C2825 /* XCRemoteSwiftPackageReference "realm-swift" */ = {
			isa = XCRemoteSwiftPackageReference;
			repositoryURL = "https://github.com/realm/realm-swift.git";
			requirement = {
				branch = master;
				kind = branch;
			};
		};
/* End XCRemoteSwiftPackageReference section */

/* Begin XCSwiftPackageProductDependency section */
		C66094FD2A1F727B00A21E47 /* Kingfisher */ = {
			isa = XCSwiftPackageProductDependency;
			package = C66094FC2A1F727B00A21E47 /* XCRemoteSwiftPackageReference "Kingfisher" */;
			productName = Kingfisher;
		};
		C69D3AE72A1EA169001C2825 /* Realm */ = {
			isa = XCSwiftPackageProductDependency;
			package = C69D3AE62A1EA169001C2825 /* XCRemoteSwiftPackageReference "realm-swift" */;
			productName = Realm;
		};
		C69D3AE92A1EA169001C2825 /* RealmSwift */ = {
			isa = XCSwiftPackageProductDependency;
			package = C69D3AE62A1EA169001C2825 /* XCRemoteSwiftPackageReference "realm-swift" */;
			productName = RealmSwift;
		};
/* End XCSwiftPackageProductDependency section */
	};
	rootObject = C69D3AC12A1E9EB7001C2825 /* Project object */;
}
